Microsoft Visual Studio Solution File, Format Version 12.00
# Visual Studio 2012
Project("{FAE04EC0-301F-11D3-BF4B-00C04F79EFBC}") = "desktoppet", "desktoppet.csproj", "{1FD77574-5CD8-47D7-B13D-7A503437FA54}"
EndProject
Global
	GlobalSection(SolutionConfigurationPlatforms) = preSolution
	Debug|Any CPU = Debug|Any CPU
	ExportDebug|Any CPU = ExportDebug|Any CPU
	ExportRelease|Any CPU = ExportRelease|Any CPU
	EndGlobalSection
	GlobalSection(ProjectConfigurationPlatforms) = postSolution
		{1FD77574-5CD8-47D7-B13D-7A503437FA54}.Debug|Any CPU.ActiveCfg = Debug|Any CPU
		{1FD77574-5CD8-47D7-B13D-7A503437FA54}.Debug|Any CPU.Build.0 = Debug|Any CPU
		{1FD77574-5CD8-47D7-B13D-7A503437FA54}.ExportDebug|Any CPU.ActiveCfg = ExportDebug|Any CPU
		{1FD77574-5CD8-47D7-B13D-7A503437FA54}.ExportDebug|Any CPU.Build.0 = ExportDebug|Any CPU
		{1FD77574-5CD8-47D7-B13D-7A503437FA54}.ExportRelease|Any CPU.ActiveCfg = ExportRelease|Any CPU
		{1FD77574-5CD8-47D7-B13D-7A503437FA54}.ExportRelease|Any CPU.Build.0 = ExportRelease|Any CPU
	EndGlobalSection
EndGlobal
